
Microsoft Visual Studio Solution File, Format Version 12.00
# Visual Studio 14
VisualStudioVersion = 14.0.23107.0
MinimumVisualStudioVersion = 10.0.40219.1
Project("{FAE04EC0-301F-11D3-BF4B-00C04F79EFBC}") = "01.Centuries-to-Minutes", "Data-Types-Exercices\01.Centuries-to-Minutes.csproj", "{440F7D31-8479-41F0-BDD1-9FE5726F0FC9}"
EndProject
Project("{FAE04EC0-301F-11D3-BF4B-00C04F79EFBC}") = "02.Circle-Area", "Circle-Area\02.Circle-Area.csproj", "{D2DDDB7A-DB83-46D1-A80A-CAAFC765EA74}"
EndProject
Project("{FAE04EC0-301F-11D3-BF4B-00C04F79EFBC}") = "03.Exact-Sum-of-Real-Numbers", "Exact-Sum-of-Real-Numbers\03.Exact-Sum-of-Real-Numbers.csproj", "{51642756-823F-49A8-A11E-25019332675F}"
EndProject
Project("{FAE04EC0-301F-11D3-BF4B-00C04F79EFBC}") = "04.Elevator", "Elevator\04.Elevator.csproj", "{DDCC7BC7-14C1-43CD-B292-DC97B90775EB}"
EndProject
Project("{FAE04EC0-301F-11D3-BF4B-00C04F79EFBC}") = "05.Special-Numbers", "05.Special-Numbers\05.Special-Numbers.csproj", "{DABC3C36-D307-4155-A60F-24F3AAB71FDE}"
EndProject
Project("{FAE04EC0-301F-11D3-BF4B-00C04F79EFBC}") = "06.Triples-of-Latin-Letters", "06.Triples-of-Latin-Letters\06.Triples-of-Latin-Letters.csproj", "{83BEF48E-2F1F-4818-8119-546216BCB9EE}"
EndProject
Project("{FAE04EC0-301F-11D3-BF4B-00C04F79EFBC}") = "07.Greeting", "07.Greeting\07.Greeting.csproj", "{D9ABE49E-E5E5-479D-B6B7-3093AB8A1FE1}"
EndProject
Project("{FAE04EC0-301F-11D3-BF4B-00C04F79EFBC}") = "08.Refactor-Volume-of-Pyramid", "08.Refactor-Volume-of-Pyramid\08.Refactor-Volume-of-Pyramid.csproj", "{08F86936-7803-47A7-9108-17626A0D11A5}"
EndProject
Global
	GlobalSection(SolutionConfigurationPlatforms) = preSolution
		Debug|Any CPU = Debug|Any CPU
		Release|Any CPU = Release|Any CPU
	EndGlobalSection
	GlobalSection(ProjectConfigurationPlatforms) = postSolution
		{440F7D31-8479-41F0-BDD1-9FE5726F0FC9}.Debug|Any CPU.ActiveCfg = Debug|Any CPU
		{440F7D31-8479-41F0-BDD1-9FE5726F0FC9}.Debug|Any CPU.Build.0 = Debug|Any CPU
		{440F7D31-8479-41F0-BDD1-9FE5726F0FC9}.Release|Any CPU.ActiveCfg = Release|Any CPU
		{440F7D31-8479-41F0-BDD1-9FE5726F0FC9}.Release|Any CPU.Build.0 = Release|Any CPU
		{D2DDDB7A-DB83-46D1-A80A-CAAFC765EA74}.Debug|Any CPU.ActiveCfg = Debug|Any CPU
		{D2DDDB7A-DB83-46D1-A80A-CAAFC765EA74}.Debug|Any CPU.Build.0 = Debug|Any CPU
		{D2DDDB7A-DB83-46D1-A80A-CAAFC765EA74}.Release|Any CPU.ActiveCfg = Release|Any CPU
		{D2DDDB7A-DB83-46D1-A80A-CAAFC765EA74}.Release|Any CPU.Build.0 = Release|Any CPU
		{51642756-823F-49A8-A11E-25019332675F}.Debug|Any CPU.ActiveCfg = Debug|Any CPU
		{51642756-823F-49A8-A11E-25019332675F}.Debug|Any CPU.Build.0 = Debug|Any CPU
		{51642756-823F-49A8-A11E-25019332675F}.Release|Any CPU.ActiveCfg = Release|Any CPU
		{51642756-823F-49A8-A11E-25019332675F}.Release|Any CPU.Build.0 = Release|Any CPU
		{DDCC7BC7-14C1-43CD-B292-DC97B90775EB}.Debug|Any CPU.ActiveCfg = Debug|Any CPU
		{DDCC7BC7-14C1-43CD-B292-DC97B90775EB}.Debug|Any CPU.Build.0 = Debug|Any CPU
		{DDCC7BC7-14C1-43CD-B292-DC97B90775EB}.Release|Any CPU.ActiveCfg = Release|Any CPU
		{DDCC7BC7-14C1-43CD-B292-DC97B90775EB}.Release|Any CPU.Build.0 = Release|Any CPU
		{DABC3C36-D307-4155-A60F-24F3AAB71FDE}.Debug|Any CPU.ActiveCfg = Debug|Any CPU
		{DABC3C36-D307-4155-A60F-24F3AAB71FDE}.Debug|Any CPU.Build.0 = Debug|Any CPU
		{DABC3C36-D307-4155-A60F-24F3AAB71FDE}.Release|Any CPU.ActiveCfg = Release|Any CPU
		{DABC3C36-D307-4155-A60F-24F3AAB71FDE}.Release|Any CPU.Build.0 = Release|Any CPU
		{83BEF48E-2F1F-4818-8119-546216BCB9EE}.Debug|Any CPU.ActiveCfg = Debug|Any CPU
		{83BEF48E-2F1F-4818-8119-546216BCB9EE}.Debug|Any CPU.Build.0 = Debug|Any CPU
		{83BEF48E-2F1F-4818-8119-546216BCB9EE}.Release|Any CPU.ActiveCfg = Release|Any CPU
		{83BEF48E-2F1F-4818-8119-546216BCB9EE}.Release|Any CPU.Build.0 = Release|Any CPU
		{D9ABE49E-E5E5-479D-B6B7-3093AB8A1FE1}.Debug|Any CPU.ActiveCfg = Debug|Any CPU
		{D9ABE49E-E5E5-479D-B6B7-3093AB8A1FE1}.Debug|Any CPU.Build.0 = Debug|Any CPU
		{D9ABE49E-E5E5-479D-B6B7-3093AB8A1FE1}.Release|Any CPU.ActiveCfg = Release|Any CPU
		{D9ABE49E-E5E5-479D-B6B7-3093AB8A1FE1}.Release|Any CPU.Build.0 = Release|Any CPU
		{08F86936-7803-47A7-9108-17626A0D11A5}.Debug|Any CPU.ActiveCfg = Debug|Any CPU
		{08F86936-7803-47A7-9108-17626A0D11A5}.Debug|Any CPU.Build.0 = Debug|Any CPU
		{08F86936-7803-47A7-9108-17626A0D11A5}.Release|Any CPU.ActiveCfg = Release|Any CPU
		{08F86936-7803-47A7-9108-17626A0D11A5}.Release|Any CPU.Build.0 = Release|Any CPU
	EndGlobalSection
	GlobalSection(SolutionProperties) = preSolution
		HideSolutionNode = FALSE
	EndGlobalSection
EndGlobal
